<?xml version="1.0" encoding="UTF-8" standalone="yes" ?>
<CodeBlocks_project_file>
	<FileVersion major="1" minor="6" />
	<Project>
		<Option title="AparatDeCafea" />
		<Option pch_mode="2" />
		<Option compiler="gcc" />
		<Build>
			<Target title="Debug">
				<Option output="bin/Debug/AparatDeCafea" prefix_auto="1" extension_auto="1" />
				<Option object_output="obj/Debug/" />
				<Option type="1" />
				<Option compiler="gcc" />
				<Compiler>
					<Add option="-g" />
				</Compiler>
			</Target>
			<Target title="Release">
				<Option output="bin/Release/AparatDeCafea" prefix_auto="1" extension_auto="1" />
				<Option object_output="obj/Release/" />
				<Option type="1" />
				<Option compiler="gcc" />
				<Compiler>
					<Add option="-O2" />
				</Compiler>
				<Linker>
					<Add option="-s" />
				</Linker>
			</Target>
		</Build>
		<Compiler>
			<Add option="-Wall" />
			<Add option="-fexceptions" />
		</Compiler>
		<Unit filename="Aparat.h">
			<Option target="&lt;{~None~}&gt;" />
		</Unit>
		<Unit filename="Cafea.h">
			<Option target="&lt;{~None~}&gt;" />
		</Unit>
		<Unit filename="Cappucino.h">
			<Option target="&lt;{~None~}&gt;" />
		</Unit>
		<Unit filename="Ceai.h">
			<Option target="&lt;{~None~}&gt;" />
		</Unit>
		<Unit filename="Ciocolata.h">
			<Option target="&lt;{~None~}&gt;" />
		</Unit>
		<Unit filename="Depozit.h">
			<Option target="&lt;{~None~}&gt;" />
		</Unit>
		<Unit filename="MetodeAparat.cpp">
			<Option target="&lt;{~None~}&gt;" />
		</Unit>
		<Unit filename="MetodeCafea.cpp">
			<Option target="&lt;{~None~}&gt;" />
		</Unit>
		<Unit filename="MetodeCappucino.cpp">
			<Option target="&lt;{~None~}&gt;" />
		</Unit>
		<Unit filename="MetodeCeai.cpp">
			<Option target="&lt;{~None~}&gt;" />
		</Unit>
		<Unit filename="MetodeCiocolata.cpp">
			<Option target="&lt;{~None~}&gt;" />
		</Unit>
		<Unit filename="MetodeDepozit.cpp">
			<Option target="&lt;{~None~}&gt;" />
		</Unit>
		<Unit filename="MetodeZahar.cpp">
			<Option target="&lt;{~None~}&gt;" />
		</Unit>
		<Unit filename="Zahar.h">
			<Option target="&lt;{~None~}&gt;" />
		</Unit>
		<Unit filename="main.cpp" />
		<Extensions>
			<code_completion />
			<envvars />
			<debugger />
		</Extensions>
	</Project>
</CodeBlocks_project_file>
